
Microsoft Visual Studio Solution File, Format Version 12.00
# Visual Studio Version 16
VisualStudioVersion = 16.0.29509.3
MinimumVisualStudioVersion = 10.0.40219.1
Project("{FAE04EC0-301F-11D3-BF4B-00C04F79EFBC}") = "Roof-Care", "Roof-Care.csproj", "{20F127A8-AE3B-444A-BEA1-5EBB94AF5B99}"
EndProject
Global
	GlobalSection(SolutionConfigurationPlatforms) = preSolution
		Debug|Any CPU = Debug|Any CPU
		Release|Any CPU = Release|Any CPU
	EndGlobalSection
	GlobalSection(ProjectConfigurationPlatforms) = postSolution
		{20F127A8-AE3B-444A-BEA1-5EBB94AF5B99}.Debug|Any CPU.ActiveCfg = Debug|Any CPU
		{20F127A8-AE3B-444A-BEA1-5EBB94AF5B99}.Debug|Any CPU.Build.0 = Debug|Any CPU
		{20F127A8-AE3B-444A-BEA1-5EBB94AF5B99}.Release|Any CPU.ActiveCfg = Release|Any CPU
		{20F127A8-AE3B-444A-BEA1-5EBB94AF5B99}.Release|Any CPU.Build.0 = Release|Any CPU
	EndGlobalSection
	GlobalSection(SolutionProperties) = preSolution
		HideSolutionNode = FALSE
	EndGlobalSection
	GlobalSection(ExtensibilityGlobals) = postSolution
		SolutionGuid = {C60C46B4-667D-4506-8126-A758B0302C89}
	EndGlobalSection
EndGlobal
